
Microsoft Visual Studio Solution File, Format Version 12.00
# Visual Studio Version 17
VisualStudioVersion = 17.3.32901.215
MinimumVisualStudioVersion = 10.0.40219.1
Project("{FAE04EC0-301F-11D3-BF4B-00C04F79EFBC}") = "PJP_cv1", "PJP_cv1\PJP_cv1.csproj", "{74AD35B3-EC97-43E5-8798-8066E031C3EC}"
EndProject
Global
	GlobalSection(SolutionConfigurationPlatforms) = preSolution
		Debug|Any CPU = Debug|Any CPU
		Release|Any CPU = Release|Any CPU
	EndGlobalSection
	GlobalSection(ProjectConfigurationPlatforms) = postSolution
		{74AD35B3-EC97-43E5-8798-8066E031C3EC}.Debug|Any CPU.ActiveCfg = Debug|Any CPU
		{74AD35B3-EC97-43E5-8798-8066E031C3EC}.Debug|Any CPU.Build.0 = Debug|Any CPU
		{74AD35B3-EC97-43E5-8798-8066E031C3EC}.Release|Any CPU.ActiveCfg = Release|Any CPU
		{74AD35B3-EC97-43E5-8798-8066E031C3EC}.Release|Any CPU.Build.0 = Release|Any CPU
	EndGlobalSection
	GlobalSection(SolutionProperties) = preSolution
		HideSolutionNode = FALSE
	EndGlobalSection
	GlobalSection(ExtensibilityGlobals) = postSolution
		SolutionGuid = {B3645433-A386-4840-9162-99E7B4AD6053}
	EndGlobalSection
EndGlobal
